// !$*UTF8*$!
{
	archiveVersion = 1;
	classes = {
	};
	objectVersion = 55;
	objects = {

/* Begin PBXBuildFile section */
		4EAC892629557D0800B9AD9D /* RecommendationCollectionCell.swift in Sources */ = {isa = PBXBuildFile; fileRef = 4EAC892529557D0800B9AD9D /* RecommendationCollectionCell.swift */; };
		4EAC89282955874800B9AD9D /* CastCollectionViewCell.swift in Sources */ = {isa = PBXBuildFile; fileRef = 4EAC89272955874800B9AD9D /* CastCollectionViewCell.swift */; };
		4EAC892A295598C000B9AD9D /* CrewCollectionViewCell.swift in Sources */ = {isa = PBXBuildFile; fileRef = 4EAC8929295598C000B9AD9D /* CrewCollectionViewCell.swift */; };
		4EAC892C29559D2300B9AD9D /* ProductionCompanyCollectionViewCell.swift in Sources */ = {isa = PBXBuildFile; fileRef = 4EAC892B29559D2300B9AD9D /* ProductionCompanyCollectionViewCell.swift */; };
		4EB55E432952D7CB007AC682 /* UIFont+.swift in Sources */ = {isa = PBXBuildFile; fileRef = 4EB55E422952D7CB007AC682 /* UIFont+.swift */; };
		4EB55E482953115C007AC682 /* MovieDetailViewModel.swift in Sources */ = {isa = PBXBuildFile; fileRef = 4EB55E472953115C007AC682 /* MovieDetailViewModel.swift */; };
		4EB55E4A295311B3007AC682 /* MovieDetailView.swift in Sources */ = {isa = PBXBuildFile; fileRef = 4EB55E49295311B3007AC682 /* MovieDetailView.swift */; };
		4EB55E4C295311BD007AC682 /* MovieDetailViewController.swift in Sources */ = {isa = PBXBuildFile; fileRef = 4EB55E4B295311BD007AC682 /* MovieDetailViewController.swift */; };
		4EB55E5029533469007AC682 /* CreditsDTO.swift in Sources */ = {isa = PBXBuildFile; fileRef = 4EB55E4F29533469007AC682 /* CreditsDTO.swift */; };
		4EB55E52295334A4007AC682 /* CastDTO.swift in Sources */ = {isa = PBXBuildFile; fileRef = 4EB55E51295334A4007AC682 /* CastDTO.swift */; };
		4EB55E54295334AC007AC682 /* CrewDTO.swift in Sources */ = {isa = PBXBuildFile; fileRef = 4EB55E53295334AC007AC682 /* CrewDTO.swift */; };
		4EB55E572953379B007AC682 /* DecodeModelTests.swift in Sources */ = {isa = PBXBuildFile; fileRef = 4EB55E562953379B007AC682 /* DecodeModelTests.swift */; };
		4EB55E5B29538450007AC682 /* MovieDetailRepository.swift in Sources */ = {isa = PBXBuildFile; fileRef = 4EB55E5A29538450007AC682 /* MovieDetailRepository.swift */; };
		4EB55E5D295384C7007AC682 /* DefaultMovieDetailRepository.swift in Sources */ = {isa = PBXBuildFile; fileRef = 4EB55E5C295384C7007AC682 /* DefaultMovieDetailRepository.swift */; };
		4EB55E5F295386C7007AC682 /* MovieDetailUseCase.swift in Sources */ = {isa = PBXBuildFile; fileRef = 4EB55E5E295386C7007AC682 /* MovieDetailUseCase.swift */; };
		4EB55E6129544A5D007AC682 /* DetailInfoView.swift in Sources */ = {isa = PBXBuildFile; fileRef = 4EB55E6029544A5D007AC682 /* DetailInfoView.swift */; };
		4EB55E6529544AC3007AC682 /* DetailDescriptionView.swift in Sources */ = {isa = PBXBuildFile; fileRef = 4EB55E6429544AC3007AC682 /* DetailDescriptionView.swift */; };
		4EB55E6729544B03007AC682 /* DetailCrewView.swift in Sources */ = {isa = PBXBuildFile; fileRef = 4EB55E6629544B03007AC682 /* DetailCrewView.swift */; };
		4EB55E6929544B0B007AC682 /* DetailStatusView.swift in Sources */ = {isa = PBXBuildFile; fileRef = 4EB55E6829544B0B007AC682 /* DetailStatusView.swift */; };
		4EB55E6B29544B1A007AC682 /* DetailRecommendationView.swift in Sources */ = {isa = PBXBuildFile; fileRef = 4EB55E6A29544B1A007AC682 /* DetailRecommendationView.swift */; };
		4EB55E6E295461E3007AC682 /* ProductionCompanyDTO.swift in Sources */ = {isa = PBXBuildFile; fileRef = 4EB55E6D295461E3007AC682 /* ProductionCompanyDTO.swift */; };
		4EB55E7429546457007AC682 /* MoviePageDTO.swift in Sources */ = {isa = PBXBuildFile; fileRef = 4EB55E7329546457007AC682 /* MoviePageDTO.swift */; };
		4EB55E7629546650007AC682 /* ProductionCompany.swift in Sources */ = {isa = PBXBuildFile; fileRef = 4EB55E7529546650007AC682 /* ProductionCompany.swift */; };
		4EB55E79295469C5007AC682 /* MovieDetailDTO.swift in Sources */ = {isa = PBXBuildFile; fileRef = 4EB55E78295469C5007AC682 /* MovieDetailDTO.swift */; };
		4EB55E7C29546A41007AC682 /* MovieCollectionDTO.swift in Sources */ = {isa = PBXBuildFile; fileRef = 4EB55E7B29546A41007AC682 /* MovieCollectionDTO.swift */; };
		4EB55E8129546D07007AC682 /* ErrorResponseDTO.swift in Sources */ = {isa = PBXBuildFile; fileRef = 4EB55E8029546D07007AC682 /* ErrorResponseDTO.swift */; };
		4EB55E8529547063007AC682 /* MovieCollectionQueryDTO.swift in Sources */ = {isa = PBXBuildFile; fileRef = 4EB55E8429547063007AC682 /* MovieCollectionQueryDTO.swift */; };
		4EB55E872954708B007AC682 /* MoviesListQueryDTO.swift in Sources */ = {isa = PBXBuildFile; fileRef = 4EB55E862954708B007AC682 /* MoviesListQueryDTO.swift */; };
		4EB55E8929547098007AC682 /* MovieDetailQueryDTO.swift in Sources */ = {isa = PBXBuildFile; fileRef = 4EB55E8829547098007AC682 /* MovieDetailQueryDTO.swift */; };
		4EB55E8C2954742F007AC682 /* MoviesListDTO.swift in Sources */ = {isa = PBXBuildFile; fileRef = 4EB55E8B2954742F007AC682 /* MoviesListDTO.swift */; };
		4EB55E8E2954743A007AC682 /* MovieCardDTO.swift in Sources */ = {isa = PBXBuildFile; fileRef = 4EB55E8D2954743A007AC682 /* MovieCardDTO.swift */; };
		4EB55E9029547754007AC682 /* MovieCard.swift in Sources */ = {isa = PBXBuildFile; fileRef = 4EB55E8F29547754007AC682 /* MovieCard.swift */; };
		4EB55E9229547869007AC682 /* MoviesList.swift in Sources */ = {isa = PBXBuildFile; fileRef = 4EB55E9129547869007AC682 /* MoviesList.swift */; };
		4EB55E94295479B4007AC682 /* MoviePage.swift in Sources */ = {isa = PBXBuildFile; fileRef = 4EB55E93295479B4007AC682 /* MoviePage.swift */; };
		4EB55E9629547AC2007AC682 /* MovieCollection.swift in Sources */ = {isa = PBXBuildFile; fileRef = 4EB55E9529547AC2007AC682 /* MovieCollection.swift */; };
		4EB55E9829547F13007AC682 /* MovieDetail.swift in Sources */ = {isa = PBXBuildFile; fileRef = 4EB55E9729547F13007AC682 /* MovieDetail.swift */; };
		4EB55E9A295480B4007AC682 /* Crew.swift in Sources */ = {isa = PBXBuildFile; fileRef = 4EB55E99295480B4007AC682 /* Crew.swift */; };
		4EB55E9C295480B9007AC682 /* Cast.swift in Sources */ = {isa = PBXBuildFile; fileRef = 4EB55E9B295480B9007AC682 /* Cast.swift */; };
		4EB55E9E295480C1007AC682 /* Credits.swift in Sources */ = {isa = PBXBuildFile; fileRef = 4EB55E9D295480C1007AC682 /* Credits.swift */; };
		4EBEC7FE294F5986002CD321 /* Genre.swift in Sources */ = {isa = PBXBuildFile; fileRef = 4EBEC7FD294F5986002CD321 /* Genre.swift */; };
		4EBFBFEA294AFBA600064937 /* AppDelegate.swift in Sources */ = {isa = PBXBuildFile; fileRef = 4EBFBFE9294AFBA600064937 /* AppDelegate.swift */; };
		4EBFBFEC294AFBA600064937 /* SceneDelegate.swift in Sources */ = {isa = PBXBuildFile; fileRef = 4EBFBFEB294AFBA600064937 /* SceneDelegate.swift */; };
		4EBFBFEE294AFBA600064937 /* MainViewController.swift in Sources */ = {isa = PBXBuildFile; fileRef = 4EBFBFED294AFBA600064937 /* MainViewController.swift */; };
		4EBFBFF3294AFBA700064937 /* Assets.xcassets in Resources */ = {isa = PBXBuildFile; fileRef = 4EBFBFF2294AFBA700064937 /* Assets.xcassets */; };
		4EBFBFF6294AFBA700064937 /* LaunchScreen.storyboard in Resources */ = {isa = PBXBuildFile; fileRef = 4EBFBFF4294AFBA700064937 /* LaunchScreen.storyboard */; };
		4EBFC013294C261300064937 /* HttpMethod.swift in Sources */ = {isa = PBXBuildFile; fileRef = 4EBFC012294C261300064937 /* HttpMethod.swift */; };
		4EBFC015294C262F00064937 /* EndpointStorage.swift in Sources */ = {isa = PBXBuildFile; fileRef = 4EBFC014294C262F00064937 /* EndpointStorage.swift */; };
		4EBFC017294C263600064937 /* Endpoint.swift in Sources */ = {isa = PBXBuildFile; fileRef = 4EBFC016294C263600064937 /* Endpoint.swift */; };
		4EBFC01A294C2B0000064937 /* MediaType.swift in Sources */ = {isa = PBXBuildFile; fileRef = 4EBFC019294C2B0000064937 /* MediaType.swift */; };
		4EBFC01C294C2B3700064937 /* TimeWindow.swift in Sources */ = {isa = PBXBuildFile; fileRef = 4EBFC01B294C2B3700064937 /* TimeWindow.swift */; };
		4EBFC01E294C312F00064937 /* APIProvider.swift in Sources */ = {isa = PBXBuildFile; fileRef = 4EBFC01D294C312F00064937 /* APIProvider.swift */; };
		4EBFC021294C3B1600064937 /* NetworkError.swift in Sources */ = {isa = PBXBuildFile; fileRef = 4EBFC020294C3B1600064937 /* NetworkError.swift */; };
		4EBFC024294C3B5100064937 /* Encodable+.swift in Sources */ = {isa = PBXBuildFile; fileRef = 4EBFC023294C3B5100064937 /* Encodable+.swift */; };
		4EBFC039294C3E2200064937 /* MovieSearchAppTests.swift in Sources */ = {isa = PBXBuildFile; fileRef = 4EBFC038294C3E2200064937 /* MovieSearchAppTests.swift */; };
		4EC546BD2950378800A6E4C9 /* MainView.swift in Sources */ = {isa = PBXBuildFile; fileRef = 4EC546BC2950378800A6E4C9 /* MainView.swift */; };
		4EC546C02950494F00A6E4C9 /* MovieCollectionCell.swift in Sources */ = {isa = PBXBuildFile; fileRef = 4EC546BF2950494F00A6E4C9 /* MovieCollectionCell.swift */; };
		4EC546C229504CE100A6E4C9 /* TitleSupplementaryView.swift in Sources */ = {isa = PBXBuildFile; fileRef = 4EC546C129504CE100A6E4C9 /* TitleSupplementaryView.swift */; };
		4EC546C4295057DE00A6E4C9 /* MainViewModel.swift in Sources */ = {isa = PBXBuildFile; fileRef = 4EC546C3295057DE00A6E4C9 /* MainViewModel.swift */; };
		4EC546C7295066F200A6E4C9 /* AppDIContainer.swift in Sources */ = {isa = PBXBuildFile; fileRef = 4EC546C6295066F200A6E4C9 /* AppDIContainer.swift */; };
		4EC546C92950690F00A6E4C9 /* AppCoordinator.swift in Sources */ = {isa = PBXBuildFile; fileRef = 4EC546C82950690F00A6E4C9 /* AppCoordinator.swift */; };
		4EC546CB2950699C00A6E4C9 /* SceneDIContainer.swift in Sources */ = {isa = PBXBuildFile; fileRef = 4EC546CA2950699C00A6E4C9 /* SceneDIContainer.swift */; };
		4EC546D229506D8400A6E4C9 /* MainViewRepository.swift in Sources */ = {isa = PBXBuildFile; fileRef = 4EC546D129506D8400A6E4C9 /* MainViewRepository.swift */; };
		4EC546D729506F0100A6E4C9 /* DefaultMainViewRepository.swift in Sources */ = {isa = PBXBuildFile; fileRef = 4EC546D629506F0100A6E4C9 /* DefaultMainViewRepository.swift */; };
		4EC546DA295075F900A6E4C9 /* MainViewUseCase.swift in Sources */ = {isa = PBXBuildFile; fileRef = 4EC546D9295075F900A6E4C9 /* MainViewUseCase.swift */; };
		4EC546DD29507A2900A6E4C9 /* FlowCoordinator.swift in Sources */ = {isa = PBXBuildFile; fileRef = 4EC546DC29507A2900A6E4C9 /* FlowCoordinator.swift */; };
		4ED29D4B295164CD00760A97 /* MoviesListView.swift in Sources */ = {isa = PBXBuildFile; fileRef = 4ED29D4A295164CD00760A97 /* MoviesListView.swift */; };
		4ED29D4D295164D700760A97 /* MoviesListViewController.swift in Sources */ = {isa = PBXBuildFile; fileRef = 4ED29D4C295164D700760A97 /* MoviesListViewController.swift */; };
		4ED29D4F295164E100760A97 /* MoviesListViewModel.swift in Sources */ = {isa = PBXBuildFile; fileRef = 4ED29D4E295164E100760A97 /* MoviesListViewModel.swift */; };
		4ED29D522951650E00760A97 /* MoviesListItemCell.swift in Sources */ = {isa = PBXBuildFile; fileRef = 4ED29D512951650E00760A97 /* MoviesListItemCell.swift */; };
		4ED29D5429518C9100760A97 /* SearchMoviesUseCase.swift in Sources */ = {isa = PBXBuildFile; fileRef = 4ED29D5329518C9100760A97 /* SearchMoviesUseCase.swift */; };
		4ED29D5629518D3100760A97 /* MoviesRepository.swift in Sources */ = {isa = PBXBuildFile; fileRef = 4ED29D5529518D3100760A97 /* MoviesRepository.swift */; };
		4ED29D5829518EDD00760A97 /* DefaultMoviesRepository.swift in Sources */ = {isa = PBXBuildFile; fileRef = 4ED29D5729518EDD00760A97 /* DefaultMoviesRepository.swift */; };
		4EEBFD45294C4AEC00188F1F /* Constants.swift in Sources */ = {isa = PBXBuildFile; fileRef = 4EEBFD44294C4AEC00188F1F /* Constants.swift */; };
		4EEBFD48294CB41000188F1F /* APIRequestTests.swift in Sources */ = {isa = PBXBuildFile; fileRef = 4EEBFD47294CB41000188F1F /* APIRequestTests.swift */; };
		4EEBFD4C294CBEDD00188F1F /* Item.swift in Sources */ = {isa = PBXBuildFile; fileRef = 4EEBFD4B294CBEDD00188F1F /* Item.swift */; };
		92A57E6DF1AA4077FACA8877 /* Pods_MovieSearchAppTests.framework in Frameworks */ = {isa = PBXBuildFile; fileRef = ACFAC095525312E26153AAE3 /* Pods_MovieSearchAppTests.framework */; };
		AD905D9BB711A5B67AD87765 /* Pods_MovieSearchApp.framework in Frameworks */ = {isa = PBXBuildFile; fileRef = 4A73D2BB27C26B6E80EBE120 /* Pods_MovieSearchApp.framework */; };
/* End PBXBuildFile section */

/* Begin PBXContainerItemProxy section */
		4EBFC03A294C3E2200064937 /* PBXContainerItemProxy */ = {
			isa = PBXContainerItemProxy;
			containerPortal = 4EBFBFDE294AFBA600064937 /* Project object */;
			proxyType = 1;
			remoteGlobalIDString = 4EBFBFE5294AFBA600064937;
			remoteInfo = MovieSearchApp;
		};
/* End PBXContainerItemProxy section */

/* Begin PBXFileReference section */
		4A73D2BB27C26B6E80EBE120 /* Pods_MovieSearchApp.framework */ = {isa = PBXFileReference; explicitFileType = wrapper.framework; includeInIndex = 0; path = Pods_MovieSearchApp.framework; sourceTree = BUILT_PRODUCTS_DIR; };
		4EAC892529557D0800B9AD9D /* RecommendationCollectionCell.swift */ = {isa = PBXFileReference; lastKnownFileType = sourcecode.swift; path = RecommendationCollectionCell.swift; sourceTree = "<group>"; };
		4EAC89272955874800B9AD9D /* CastCollectionViewCell.swift */ = {isa = PBXFileReference; lastKnownFileType = sourcecode.swift; path = CastCollectionViewCell.swift; sourceTree = "<group>"; };
		4EAC8929295598C000B9AD9D /* CrewCollectionViewCell.swift */ = {isa = PBXFileReference; lastKnownFileType = sourcecode.swift; path = CrewCollectionViewCell.swift; sourceTree = "<group>"; };
		4EAC892B29559D2300B9AD9D /* ProductionCompanyCollectionViewCell.swift */ = {isa = PBXFileReference; lastKnownFileType = sourcecode.swift; path = ProductionCompanyCollectionViewCell.swift; sourceTree = "<group>"; };
		4EB55E422952D7CB007AC682 /* UIFont+.swift */ = {isa = PBXFileReference; lastKnownFileType = sourcecode.swift; path = "UIFont+.swift"; sourceTree = "<group>"; };
		4EB55E472953115C007AC682 /* MovieDetailViewModel.swift */ = {isa = PBXFileReference; lastKnownFileType = sourcecode.swift; path = MovieDetailViewModel.swift; sourceTree = "<group>"; };
		4EB55E49295311B3007AC682 /* MovieDetailView.swift */ = {isa = PBXFileReference; lastKnownFileType = sourcecode.swift; path = MovieDetailView.swift; sourceTree = "<group>"; };
		4EB55E4B295311BD007AC682 /* MovieDetailViewController.swift */ = {isa = PBXFileReference; lastKnownFileType = sourcecode.swift; path = MovieDetailViewController.swift; sourceTree = "<group>"; };
		4EB55E4F29533469007AC682 /* CreditsDTO.swift */ = {isa = PBXFileReference; lastKnownFileType = sourcecode.swift; path = CreditsDTO.swift; sourceTree = "<group>"; };
		4EB55E51295334A4007AC682 /* CastDTO.swift */ = {isa = PBXFileReference; lastKnownFileType = sourcecode.swift; path = CastDTO.swift; sourceTree = "<group>"; };
		4EB55E53295334AC007AC682 /* CrewDTO.swift */ = {isa = PBXFileReference; lastKnownFileType = sourcecode.swift; path = CrewDTO.swift; sourceTree = "<group>"; };
		4EB55E562953379B007AC682 /* DecodeModelTests.swift */ = {isa = PBXFileReference; lastKnownFileType = sourcecode.swift; path = DecodeModelTests.swift; sourceTree = "<group>"; };
		4EB55E5A29538450007AC682 /* MovieDetailRepository.swift */ = {isa = PBXFileReference; lastKnownFileType = sourcecode.swift; path = MovieDetailRepository.swift; sourceTree = "<group>"; };
		4EB55E5C295384C7007AC682 /* DefaultMovieDetailRepository.swift */ = {isa = PBXFileReference; lastKnownFileType = sourcecode.swift; path = DefaultMovieDetailRepository.swift; sourceTree = "<group>"; };
		4EB55E5E295386C7007AC682 /* MovieDetailUseCase.swift */ = {isa = PBXFileReference; lastKnownFileType = sourcecode.swift; path = MovieDetailUseCase.swift; sourceTree = "<group>"; };
		4EB55E6029544A5D007AC682 /* DetailInfoView.swift */ = {isa = PBXFileReference; lastKnownFileType = sourcecode.swift; path = DetailInfoView.swift; sourceTree = "<group>"; };
		4EB55E6429544AC3007AC682 /* DetailDescriptionView.swift */ = {isa = PBXFileReference; lastKnownFileType = sourcecode.swift; path = DetailDescriptionView.swift; sourceTree = "<group>"; };
		4EB55E6629544B03007AC682 /* DetailCrewView.swift */ = {isa = PBXFileReference; lastKnownFileType = sourcecode.swift; path = DetailCrewView.swift; sourceTree = "<group>"; };
		4EB55E6829544B0B007AC682 /* DetailStatusView.swift */ = {isa = PBXFileReference; lastKnownFileType = sourcecode.swift; path = DetailStatusView.swift; sourceTree = "<group>"; };
		4EB55E6A29544B1A007AC682 /* DetailRecommendationView.swift */ = {isa = PBXFileReference; lastKnownFileType = sourcecode.swift; path = DetailRecommendationView.swift; sourceTree = "<group>"; };
		4EB55E6D295461E3007AC682 /* ProductionCompanyDTO.swift */ = {isa = PBXFileReference; lastKnownFileType = sourcecode.swift; path = ProductionCompanyDTO.swift; sourceTree = "<group>"; };
		4EB55E7329546457007AC682 /* MoviePageDTO.swift */ = {isa = PBXFileReference; lastKnownFileType = sourcecode.swift; path = MoviePageDTO.swift; sourceTree = "<group>"; };
		4EB55E7529546650007AC682 /* ProductionCompany.swift */ = {isa = PBXFileReference; lastKnownFileType = sourcecode.swift; path = ProductionCompany.swift; sourceTree = "<group>"; };
		4EB55E78295469C5007AC682 /* MovieDetailDTO.swift */ = {isa = PBXFileReference; lastKnownFileType = sourcecode.swift; path = MovieDetailDTO.swift; sourceTree = "<group>"; };
		4EB55E7B29546A41007AC682 /* MovieCollectionDTO.swift */ = {isa = PBXFileReference; lastKnownFileType = sourcecode.swift; path = MovieCollectionDTO.swift; sourceTree = "<group>"; };
		4EB55E8029546D07007AC682 /* ErrorResponseDTO.swift */ = {isa = PBXFileReference; lastKnownFileType = sourcecode.swift; path = ErrorResponseDTO.swift; sourceTree = "<group>"; };
		4EB55E8429547063007AC682 /* MovieCollectionQueryDTO.swift */ = {isa = PBXFileReference; lastKnownFileType = sourcecode.swift; path = MovieCollectionQueryDTO.swift; sourceTree = "<group>"; };
		4EB55E862954708B007AC682 /* MoviesListQueryDTO.swift */ = {isa = PBXFileReference; lastKnownFileType = sourcecode.swift; path = MoviesListQueryDTO.swift; sourceTree = "<group>"; };
		4EB55E8829547098007AC682 /* MovieDetailQueryDTO.swift */ = {isa = PBXFileReference; lastKnownFileType = sourcecode.swift; path = MovieDetailQueryDTO.swift; sourceTree = "<group>"; };
		4EB55E8B2954742F007AC682 /* MoviesListDTO.swift */ = {isa = PBXFileReference; lastKnownFileType = sourcecode.swift; path = MoviesListDTO.swift; sourceTree = "<group>"; };
		4EB55E8D2954743A007AC682 /* MovieCardDTO.swift */ = {isa = PBXFileReference; lastKnownFileType = sourcecode.swift; path = MovieCardDTO.swift; sourceTree = "<group>"; };
		4EB55E8F29547754007AC682 /* MovieCard.swift */ = {isa = PBXFileReference; lastKnownFileType = sourcecode.swift; path = MovieCard.swift; sourceTree = "<group>"; };
		4EB55E9129547869007AC682 /* MoviesList.swift */ = {isa = PBXFileReference; lastKnownFileType = sourcecode.swift; path = MoviesList.swift; sourceTree = "<group>"; };
		4EB55E93295479B4007AC682 /* MoviePage.swift */ = {isa = PBXFileReference; lastKnownFileType = sourcecode.swift; path = MoviePage.swift; sourceTree = "<group>"; };
		4EB55E9529547AC2007AC682 /* MovieCollection.swift */ = {isa = PBXFileReference; lastKnownFileType = sourcecode.swift; path = MovieCollection.swift; sourceTree = "<group>"; };
		4EB55E9729547F13007AC682 /* MovieDetail.swift */ = {isa = PBXFileReference; lastKnownFileType = sourcecode.swift; path = MovieDetail.swift; sourceTree = "<group>"; };
		4EB55E99295480B4007AC682 /* Crew.swift */ = {isa = PBXFileReference; lastKnownFileType = sourcecode.swift; path = Crew.swift; sourceTree = "<group>"; };
		4EB55E9B295480B9007AC682 /* Cast.swift */ = {isa = PBXFileReference; lastKnownFileType = sourcecode.swift; path = Cast.swift; sourceTree = "<group>"; };
		4EB55E9D295480C1007AC682 /* Credits.swift */ = {isa = PBXFileReference; lastKnownFileType = sourcecode.swift; path = Credits.swift; sourceTree = "<group>"; };
		4EBEC7FD294F5986002CD321 /* Genre.swift */ = {isa = PBXFileReference; lastKnownFileType = sourcecode.swift; path = Genre.swift; sourceTree = "<group>"; };
		4EBFBFE6294AFBA600064937 /* MovieSearchApp.app */ = {isa = PBXFileReference; explicitFileType = wrapper.application; includeInIndex = 0; path = MovieSearchApp.app; sourceTree = BUILT_PRODUCTS_DIR; };
		4EBFBFE9294AFBA600064937 /* AppDelegate.swift */ = {isa = PBXFileReference; lastKnownFileType = sourcecode.swift; path = AppDelegate.swift; sourceTree = "<group>"; };
		4EBFBFEB294AFBA600064937 /* SceneDelegate.swift */ = {isa = PBXFileReference; lastKnownFileType = sourcecode.swift; path = SceneDelegate.swift; sourceTree = "<group>"; };
		4EBFBFED294AFBA600064937 /* MainViewController.swift */ = {isa = PBXFileReference; lastKnownFileType = sourcecode.swift; path = MainViewController.swift; sourceTree = "<group>"; };
		4EBFBFF2294AFBA700064937 /* Assets.xcassets */ = {isa = PBXFileReference; lastKnownFileType = folder.assetcatalog; path = Assets.xcassets; sourceTree = "<group>"; };
		4EBFBFF5294AFBA700064937 /* Base */ = {isa = PBXFileReference; lastKnownFileType = file.storyboard; name = Base; path = Base.lproj/LaunchScreen.storyboard; sourceTree = "<group>"; };
		4EBFBFF7294AFBA700064937 /* Info.plist */ = {isa = PBXFileReference; lastKnownFileType = text.plist.xml; path = Info.plist; sourceTree = "<group>"; };
		4EBFC012294C261300064937 /* HttpMethod.swift */ = {isa = PBXFileReference; lastKnownFileType = sourcecode.swift; path = HttpMethod.swift; sourceTree = "<group>"; };
		4EBFC014294C262F00064937 /* EndpointStorage.swift */ = {isa = PBXFileReference; lastKnownFileType = sourcecode.swift; path = EndpointStorage.swift; sourceTree = "<group>"; };
		4EBFC016294C263600064937 /* Endpoint.swift */ = {isa = PBXFileReference; lastKnownFileType = sourcecode.swift; path = Endpoint.swift; sourceTree = "<group>"; };
		4EBFC019294C2B0000064937 /* MediaType.swift */ = {isa = PBXFileReference; lastKnownFileType = sourcecode.swift; path = MediaType.swift; sourceTree = "<group>"; };
		4EBFC01B294C2B3700064937 /* TimeWindow.swift */ = {isa = PBXFileReference; lastKnownFileType = sourcecode.swift; path = TimeWindow.swift; sourceTree = "<group>"; };
		4EBFC01D294C312F00064937 /* APIProvider.swift */ = {isa = PBXFileReference; lastKnownFileType = sourcecode.swift; path = APIProvider.swift; sourceTree = "<group>"; };
		4EBFC020294C3B1600064937 /* NetworkError.swift */ = {isa = PBXFileReference; lastKnownFileType = sourcecode.swift; path = NetworkError.swift; sourceTree = "<group>"; };
		4EBFC023294C3B5100064937 /* Encodable+.swift */ = {isa = PBXFileReference; lastKnownFileType = sourcecode.swift; path = "Encodable+.swift"; sourceTree = "<group>"; };
		4EBFC036294C3E2200064937 /* MovieSearchAppTests.xctest */ = {isa = PBXFileReference; explicitFileType = wrapper.cfbundle; includeInIndex = 0; path = MovieSearchAppTests.xctest; sourceTree = BUILT_PRODUCTS_DIR; };
		4EBFC038294C3E2200064937 /* MovieSearchAppTests.swift */ = {isa = PBXFileReference; lastKnownFileType = sourcecode.swift; path = MovieSearchAppTests.swift; sourceTree = "<group>"; };
		4EC546BC2950378800A6E4C9 /* MainView.swift */ = {isa = PBXFileReference; lastKnownFileType = sourcecode.swift; path = MainView.swift; sourceTree = "<group>"; };
		4EC546BF2950494F00A6E4C9 /* MovieCollectionCell.swift */ = {isa = PBXFileReference; lastKnownFileType = sourcecode.swift; path = MovieCollectionCell.swift; sourceTree = "<group>"; };
		4EC546C129504CE100A6E4C9 /* TitleSupplementaryView.swift */ = {isa = PBXFileReference; lastKnownFileType = sourcecode.swift; path = TitleSupplementaryView.swift; sourceTree = "<group>"; };
		4EC546C3295057DE00A6E4C9 /* MainViewModel.swift */ = {isa = PBXFileReference; lastKnownFileType = sourcecode.swift; path = MainViewModel.swift; sourceTree = "<group>"; };
		4EC546C6295066F200A6E4C9 /* AppDIContainer.swift */ = {isa = PBXFileReference; lastKnownFileType = sourcecode.swift; path = AppDIContainer.swift; sourceTree = "<group>"; };
		4EC546C82950690F00A6E4C9 /* AppCoordinator.swift */ = {isa = PBXFileReference; lastKnownFileType = sourcecode.swift; path = AppCoordinator.swift; sourceTree = "<group>"; };
		4EC546CA2950699C00A6E4C9 /* SceneDIContainer.swift */ = {isa = PBXFileReference; lastKnownFileType = sourcecode.swift; path = SceneDIContainer.swift; sourceTree = "<group>"; };
		4EC546D129506D8400A6E4C9 /* MainViewRepository.swift */ = {isa = PBXFileReference; lastKnownFileType = sourcecode.swift; path = MainViewRepository.swift; sourceTree = "<group>"; };
		4EC546D629506F0100A6E4C9 /* DefaultMainViewRepository.swift */ = {isa = PBXFileReference; lastKnownFileType = sourcecode.swift; path = DefaultMainViewRepository.swift; sourceTree = "<group>"; };
		4EC546D9295075F900A6E4C9 /* MainViewUseCase.swift */ = {isa = PBXFileReference; lastKnownFileType = sourcecode.swift; path = MainViewUseCase.swift; sourceTree = "<group>"; };
		4EC546DC29507A2900A6E4C9 /* FlowCoordinator.swift */ = {isa = PBXFileReference; lastKnownFileType = sourcecode.swift; path = FlowCoordinator.swift; sourceTree = "<group>"; };
		4ED29D4A295164CD00760A97 /* MoviesListView.swift */ = {isa = PBXFileReference; lastKnownFileType = sourcecode.swift; path = MoviesListView.swift; sourceTree = "<group>"; };
		4ED29D4C295164D700760A97 /* MoviesListViewController.swift */ = {isa = PBXFileReference; lastKnownFileType = sourcecode.swift; path = MoviesListViewController.swift; sourceTree = "<group>"; };
		4ED29D4E295164E100760A97 /* MoviesListViewModel.swift */ = {isa = PBXFileReference; lastKnownFileType = sourcecode.swift; path = MoviesListViewModel.swift; sourceTree = "<group>"; };
		4ED29D512951650E00760A97 /* MoviesListItemCell.swift */ = {isa = PBXFileReference; lastKnownFileType = sourcecode.swift; path = MoviesListItemCell.swift; sourceTree = "<group>"; };
		4ED29D5329518C9100760A97 /* SearchMoviesUseCase.swift */ = {isa = PBXFileReference; lastKnownFileType = sourcecode.swift; path = SearchMoviesUseCase.swift; sourceTree = "<group>"; };
		4ED29D5529518D3100760A97 /* MoviesRepository.swift */ = {isa = PBXFileReference; lastKnownFileType = sourcecode.swift; path = MoviesRepository.swift; sourceTree = "<group>"; };
		4ED29D5729518EDD00760A97 /* DefaultMoviesRepository.swift */ = {isa = PBXFileReference; lastKnownFileType = sourcecode.swift; path = DefaultMoviesRepository.swift; sourceTree = "<group>"; };
		4EEBFD44294C4AEC00188F1F /* Constants.swift */ = {isa = PBXFileReference; lastKnownFileType = sourcecode.swift; path = Constants.swift; sourceTree = "<group>"; };
		4EEBFD47294CB41000188F1F /* APIRequestTests.swift */ = {isa = PBXFileReference; lastKnownFileType = sourcecode.swift; path = APIRequestTests.swift; sourceTree = "<group>"; };
		4EEBFD4B294CBEDD00188F1F /* Item.swift */ = {isa = PBXFileReference; lastKnownFileType = sourcecode.swift; path = Item.swift; sourceTree = "<group>"; };
		ACFAC095525312E26153AAE3 /* Pods_MovieSearchAppTests.framework */ = {isa = PBXFileReference; explicitFileType = wrapper.framework; includeInIndex = 0; path = Pods_MovieSearchAppTests.framework; sourceTree = BUILT_PRODUCTS_DIR; };
		C2B9EC5899D8BB50FE2D9535 /* Pods-MovieSearchApp.release.xcconfig */ = {isa = PBXFileReference; includeInIndex = 1; lastKnownFileType = text.xcconfig; name = "Pods-MovieSearchApp.release.xcconfig"; path = "Target Support Files/Pods-MovieSearchApp/Pods-MovieSearchApp.release.xcconfig"; sourceTree = "<group>"; };
		D1FF226BABC2147886CCE369 /* Pods-MovieSearchApp.debug.xcconfig */ = {isa = PBXFileReference; includeInIndex = 1; lastKnownFileType = text.xcconfig; name = "Pods-MovieSearchApp.debug.xcconfig"; path = "Target Support Files/Pods-MovieSearchApp/Pods-MovieSearchApp.debug.xcconfig"; sourceTree = "<group>"; };
		FA622C7C21CFF8973048E13B /* Pods-MovieSearchAppTests.release.xcconfig */ = {isa = PBXFileReference; includeInIndex = 1; lastKnownFileType = text.xcconfig; name = "Pods-MovieSearchAppTests.release.xcconfig"; path = "Target Support Files/Pods-MovieSearchAppTests/Pods-MovieSearchAppTests.release.xcconfig"; sourceTree = "<group>"; };
		FC32FFDBB1BDB87D27F5A31B /* Pods-MovieSearchAppTests.debug.xcconfig */ = {isa = PBXFileReference; includeInIndex = 1; lastKnownFileType = text.xcconfig; name = "Pods-MovieSearchAppTests.debug.xcconfig"; path = "Target Support Files/Pods-MovieSearchAppTests/Pods-MovieSearchAppTests.debug.xcconfig"; sourceTree = "<group>"; };
/* End PBXFileReference section */

/* Begin PBXFrameworksBuildPhase section */
		4EBFBFE3294AFBA600064937 /* Frameworks */ = {
			isa = PBXFrameworksBuildPhase;
			buildActionMask = 2147483647;
			files = (
				AD905D9BB711A5B67AD87765 /* Pods_MovieSearchApp.framework in Frameworks */,
			);
			runOnlyForDeploymentPostprocessing = 0;
		};
		4EBFC033294C3E2200064937 /* Frameworks */ = {
			isa = PBXFrameworksBuildPhase;
			buildActionMask = 2147483647;
			files = (
				92A57E6DF1AA4077FACA8877 /* Pods_MovieSearchAppTests.framework in Frameworks */,
			);
			runOnlyForDeploymentPostprocessing = 0;
		};
/* End PBXFrameworksBuildPhase section */

/* Begin PBXGroup section */
		4EAC892229557B7200B9AD9D /* Cell */ = {
			isa = PBXGroup;
			children = (
				4EAC892529557D0800B9AD9D /* RecommendationCollectionCell.swift */,
				4EAC89272955874800B9AD9D /* CastCollectionViewCell.swift */,
				4EAC8929295598C000B9AD9D /* CrewCollectionViewCell.swift */,
				4EAC892B29559D2300B9AD9D /* ProductionCompanyCollectionViewCell.swift */,
			);
			path = Cell;
			sourceTree = "<group>";
		};
		4EB55E412952D79D007AC682 /* Utils */ = {
			isa = PBXGroup;
			children = (
				4EB55E422952D7CB007AC682 /* UIFont+.swift */,
			);
			path = Utils;
			sourceTree = "<group>";
		};
		4EB55E4429531099007AC682 /* MovieDetail */ = {
			isa = PBXGroup;
			children = (
				4EB55E46295310BF007AC682 /* View */,
				4EB55E45295310B8007AC682 /* ViewModel */,
			);
			path = MovieDetail;
			sourceTree = "<group>";
		};
		4EB55E45295310B8007AC682 /* ViewModel */ = {
			isa = PBXGroup;
			children = (
				4EB55E472953115C007AC682 /* MovieDetailViewModel.swift */,
			);
			path = ViewModel;
			sourceTree = "<group>";
		};
		4EB55E46295310BF007AC682 /* View */ = {
			isa = PBXGroup;
			children = (
				4EAC892229557B7200B9AD9D /* Cell */,
				4EB55E6329544A76007AC682 /* MovieDetailViewElements */,
				4EB55E49295311B3007AC682 /* MovieDetailView.swift */,
				4EB55E4B295311BD007AC682 /* MovieDetailViewController.swift */,
			);
			path = View;
			sourceTree = "<group>";
		};
		4EB55E4D29533428007AC682 /* Network */ = {
			isa = PBXGroup;
			children = (
				4EB55E4E29533438007AC682 /* DTO */,
			);
			path = Network;
			sourceTree = "<group>";
		};
		4EB55E4E29533438007AC682 /* DTO */ = {
			isa = PBXGroup;
			children = (
				4EB55E8229546F41007AC682 /* Request */,
				4EB55E8329546F48007AC682 /* Response */,
			);
			path = DTO;
			sourceTree = "<group>";
		};
		4EB55E5529533773007AC682 /* Model */ = {
			isa = PBXGroup;
			children = (
				4EB55E562953379B007AC682 /* DecodeModelTests.swift */,
			);
			path = Model;
			sourceTree = "<group>";
		};
		4EB55E5829535D74007AC682 /* Credits */ = {
			isa = PBXGroup;
			children = (
				4EB55E4F29533469007AC682 /* CreditsDTO.swift */,
				4EB55E51295334A4007AC682 /* CastDTO.swift */,
				4EB55E53295334AC007AC682 /* CrewDTO.swift */,
			);
			path = Credits;
			sourceTree = "<group>";
		};
		4EB55E6329544A76007AC682 /* MovieDetailViewElements */ = {
			isa = PBXGroup;
			children = (
				4EB55E6029544A5D007AC682 /* DetailInfoView.swift */,
				4EB55E6429544AC3007AC682 /* DetailDescriptionView.swift */,
				4EB55E6629544B03007AC682 /* DetailCrewView.swift */,
				4EB55E6829544B0B007AC682 /* DetailStatusView.swift */,
				4EB55E6A29544B1A007AC682 /* DetailRecommendationView.swift */,
			);
			path = MovieDetailViewElements;
			sourceTree = "<group>";
		};
		4EB55E6C295461C4007AC682 /* ProductionCompany */ = {
			isa = PBXGroup;
			children = (
				4EB55E6D295461E3007AC682 /* ProductionCompanyDTO.swift */,
			);
			path = ProductionCompany;
			sourceTree = "<group>";
		};
		4EB55E7229546446007AC682 /* MoviePage */ = {
			isa = PBXGroup;
			children = (
				4EB55E7329546457007AC682 /* MoviePageDTO.swift */,
			);
			path = MoviePage;
			sourceTree = "<group>";
		};
		4EB55E77295469AC007AC682 /* MovieDetail */ = {
			isa = PBXGroup;
			children = (
				4EB55E78295469C5007AC682 /* MovieDetailDTO.swift */,
			);
			path = MovieDetail;
			sourceTree = "<group>";
		};
		4EB55E7A29546A30007AC682 /* MovieCollection */ = {
			isa = PBXGroup;
			children = (
				4EB55E7B29546A41007AC682 /* MovieCollectionDTO.swift */,
			);
			path = MovieCollection;
			sourceTree = "<group>";
		};
		4EB55E7D29546C86007AC682 /* ErrorResponse */ = {
			isa = PBXGroup;
			children = (
				4EB55E8029546D07007AC682 /* ErrorResponseDTO.swift */,
			);
			path = ErrorResponse;
			sourceTree = "<group>";
		};
		4EB55E8229546F41007AC682 /* Request */ = {
			isa = PBXGroup;
			children = (
				4EB55E8429547063007AC682 /* MovieCollectionQueryDTO.swift */,
				4EB55E862954708B007AC682 /* MoviesListQueryDTO.swift */,
				4EB55E8829547098007AC682 /* MovieDetailQueryDTO.swift */,
			);
			path = Request;
			sourceTree = "<group>";
		};
		4EB55E8329546F48007AC682 /* Response */ = {
			isa = PBXGroup;
			children = (
				4EB55E8A2954741F007AC682 /* MoviesList */,
				4EB55E7A29546A30007AC682 /* MovieCollection */,
				4EB55E77295469AC007AC682 /* MovieDetail */,
				4EB55E7229546446007AC682 /* MoviePage */,
				4EB55E6C295461C4007AC682 /* ProductionCompany */,
				4EB55E5829535D74007AC682 /* Credits */,
				4EB55E7D29546C86007AC682 /* ErrorResponse */,
			);
			path = Response;
			sourceTree = "<group>";
		};
		4EB55E8A2954741F007AC682 /* MoviesList */ = {
			isa = PBXGroup;
			children = (
				4EB55E8B2954742F007AC682 /* MoviesListDTO.swift */,
				4EB55E8D2954743A007AC682 /* MovieCardDTO.swift */,
			);
			path = MoviesList;
			sourceTree = "<group>";
		};
		4EBFBFDD294AFBA600064937 = {
			isa = PBXGroup;
			children = (
				4EBFBFE8294AFBA600064937 /* MovieSearchApp */,
				4EBFC037294C3E2200064937 /* MovieSearchAppTests */,
				4EBFBFE7294AFBA600064937 /* Products */,
				821CF393CF8BF09B38688625 /* Pods */,
				D9CA60956CA4F1685E9288A4 /* Frameworks */,
			);
			sourceTree = "<group>";
		};
		4EBFBFE7294AFBA600064937 /* Products */ = {
			isa = PBXGroup;
			children = (
				4EBFBFE6294AFBA600064937 /* MovieSearchApp.app */,
				4EBFC036294C3E2200064937 /* MovieSearchAppTests.xctest */,
			);
			name = Products;
			sourceTree = "<group>";
		};
		4EBFBFE8294AFBA600064937 /* MovieSearchApp */ = {
			isa = PBXGroup;
			children = (
				4EBFC00A294B0B3300064937 /* Resources */,
				4EBFC00B294B0B3900064937 /* Sources */,
			);
			path = MovieSearchApp;
			sourceTree = "<group>";
		};
		4EBFC00A294B0B3300064937 /* Resources */ = {
			isa = PBXGroup;
			children = (
				4EBFBFF2294AFBA700064937 /* Assets.xcassets */,
				4EBFBFF4294AFBA700064937 /* LaunchScreen.storyboard */,
				4EBFBFF7294AFBA700064937 /* Info.plist */,
			);
			path = Resources;
			sourceTree = "<group>";
		};
		4EBFC00B294B0B3900064937 /* Sources */ = {
			isa = PBXGroup;
			children = (
				4EBFC00C294C199600064937 /* Application */,
				4EC546D429506EE000A6E4C9 /* Data */,
				4EBFC018294C2AF200064937 /* Domain */,
				4EBFC00E294C25C200064937 /* Infrastructure */,
				4EBFC022294C3B3F00064937 /* Common */,
				4EC546B5295034EA00A6E4C9 /* Presentation */,
			);
			path = Sources;
			sourceTree = "<group>";
		};
		4EBFC00C294C199600064937 /* Application */ = {
			isa = PBXGroup;
			children = (
				4EBFBFE9294AFBA600064937 /* AppDelegate.swift */,
				4EBFBFEB294AFBA600064937 /* SceneDelegate.swift */,
				4EC546C82950690F00A6E4C9 /* AppCoordinator.swift */,
				4EC546C5295066E200A6E4C9 /* AppDIContainer */,
			);
			path = Application;
			sourceTree = "<group>";
		};
		4EBFC00E294C25C200064937 /* Infrastructure */ = {
			isa = PBXGroup;
			children = (
				4EBFC011294C25FE00064937 /* APIProvider */,
				4EBFC010294C25F100064937 /* Endpoint */,
				4EBFC01F294C3B0A00064937 /* Error */,
			);
			path = Infrastructure;
			sourceTree = "<group>";
		};
		4EBFC010294C25F100064937 /* Endpoint */ = {
			isa = PBXGroup;
			children = (
				4EBFC016294C263600064937 /* Endpoint.swift */,
				4EBFC014294C262F00064937 /* EndpointStorage.swift */,
				4EBFC012294C261300064937 /* HttpMethod.swift */,
			);
			path = Endpoint;
			sourceTree = "<group>";
		};
		4EBFC011294C25FE00064937 /* APIProvider */ = {
			isa = PBXGroup;
			children = (
				4EBFC01D294C312F00064937 /* APIProvider.swift */,
			);
			path = APIProvider;
			sourceTree = "<group>";
		};
		4EBFC018294C2AF200064937 /* Domain */ = {
			isa = PBXGroup;
			children = (
				4EEBFD41294C4A3C00188F1F /* Entities */,
				4EBFC019294C2B0000064937 /* MediaType.swift */,
				4EBFC01B294C2B3700064937 /* TimeWindow.swift */,
				4EC546CF29506D5F00A6E4C9 /* Interfaces */,
				4EC546D8295075BB00A6E4C9 /* UseCases */,
			);
			path = Domain;
			sourceTree = "<group>";
		};
		4EBFC01F294C3B0A00064937 /* Error */ = {
			isa = PBXGroup;
			children = (
				4EBFC020294C3B1600064937 /* NetworkError.swift */,
			);
			path = Error;
			sourceTree = "<group>";
		};
		4EBFC022294C3B3F00064937 /* Common */ = {
			isa = PBXGroup;
			children = (
				4EBFC023294C3B5100064937 /* Encodable+.swift */,
				4EEBFD44294C4AEC00188F1F /* Constants.swift */,
			);
			path = Common;
			sourceTree = "<group>";
		};
		4EBFC037294C3E2200064937 /* MovieSearchAppTests */ = {
			isa = PBXGroup;
			children = (
				4EB55E5529533773007AC682 /* Model */,
				4EEBFD46294CB3E900188F1F /* Network */,
				4EBFC038294C3E2200064937 /* MovieSearchAppTests.swift */,
			);
			path = MovieSearchAppTests;
			sourceTree = "<group>";
		};
		4EC546B5295034EA00A6E4C9 /* Presentation */ = {
			isa = PBXGroup;
			children = (
				4EC546DB29507A1200A6E4C9 /* Coordinators */,
				4EC546B6295034FC00A6E4C9 /* MainView */,
				4ED29D472951646D00760A97 /* MoviesList */,
				4EB55E4429531099007AC682 /* MovieDetail */,
				4EB55E412952D79D007AC682 /* Utils */,
			);
			path = Presentation;
			sourceTree = "<group>";
		};
		4EC546B6295034FC00A6E4C9 /* MainView */ = {
			isa = PBXGroup;
			children = (
				4EC546B82950365200A6E4C9 /* View */,
				4EC546B72950364900A6E4C9 /* ViewModel */,
			);
			path = MainView;
			sourceTree = "<group>";
		};
		4EC546B72950364900A6E4C9 /* ViewModel */ = {
			isa = PBXGroup;
			children = (
				4EC546C3295057DE00A6E4C9 /* MainViewModel.swift */,
			);
			path = ViewModel;
			sourceTree = "<group>";
		};
		4EC546B82950365200A6E4C9 /* View */ = {
			isa = PBXGroup;
			children = (
				4EC546BE2950492400A6E4C9 /* Cell */,
				4EBFBFED294AFBA600064937 /* MainViewController.swift */,
				4EC546BC2950378800A6E4C9 /* MainView.swift */,
				4EC546C129504CE100A6E4C9 /* TitleSupplementaryView.swift */,
			);
			path = View;
			sourceTree = "<group>";
		};
		4EC546BE2950492400A6E4C9 /* Cell */ = {
			isa = PBXGroup;
			children = (
				4EC546BF2950494F00A6E4C9 /* MovieCollectionCell.swift */,
			);
			path = Cell;
			sourceTree = "<group>";
		};
		4EC546C5295066E200A6E4C9 /* AppDIContainer */ = {
			isa = PBXGroup;
			children = (
				4EC546C6295066F200A6E4C9 /* AppDIContainer.swift */,
				4EC546CA2950699C00A6E4C9 /* SceneDIContainer.swift */,
			);
			path = AppDIContainer;
			sourceTree = "<group>";
		};
		4EC546CF29506D5F00A6E4C9 /* Interfaces */ = {
			isa = PBXGroup;
			children = (
				4EC546D029506D7700A6E4C9 /* Repositories */,
			);
			path = Interfaces;
			sourceTree = "<group>";
		};
		4EC546D029506D7700A6E4C9 /* Repositories */ = {
			isa = PBXGroup;
			children = (
				4EC546D129506D8400A6E4C9 /* MainViewRepository.swift */,
				4ED29D5529518D3100760A97 /* MoviesRepository.swift */,
				4EB55E5A29538450007AC682 /* MovieDetailRepository.swift */,
			);
			path = Repositories;
			sourceTree = "<group>";
		};
		4EC546D429506EE000A6E4C9 /* Data */ = {
			isa = PBXGroup;
			children = (
				4EB55E4D29533428007AC682 /* Network */,
				4EC546D529506EEC00A6E4C9 /* Repositories */,
			);
			path = Data;
			sourceTree = "<group>";
		};
		4EC546D529506EEC00A6E4C9 /* Repositories */ = {
			isa = PBXGroup;
			children = (
				4EC546D629506F0100A6E4C9 /* DefaultMainViewRepository.swift */,
				4ED29D5729518EDD00760A97 /* DefaultMoviesRepository.swift */,
				4EB55E5C295384C7007AC682 /* DefaultMovieDetailRepository.swift */,
			);
			path = Repositories;
			sourceTree = "<group>";
		};
		4EC546D8295075BB00A6E4C9 /* UseCases */ = {
			isa = PBXGroup;
			children = (
				4EC546D9295075F900A6E4C9 /* MainViewUseCase.swift */,
				4ED29D5329518C9100760A97 /* SearchMoviesUseCase.swift */,
				4EB55E5E295386C7007AC682 /* MovieDetailUseCase.swift */,
			);
			path = UseCases;
			sourceTree = "<group>";
		};
		4EC546DB29507A1200A6E4C9 /* Coordinators */ = {
			isa = PBXGroup;
			children = (
				4EC546DC29507A2900A6E4C9 /* FlowCoordinator.swift */,
			);
			path = Coordinators;
			sourceTree = "<group>";
		};
		4ED29D472951646D00760A97 /* MoviesList */ = {
			isa = PBXGroup;
			children = (
				4ED29D48295164BA00760A97 /* View */,
				4ED29D49295164BE00760A97 /* ViewModel */,
			);
			path = MoviesList;
			sourceTree = "<group>";
		};
		4ED29D48295164BA00760A97 /* View */ = {
			isa = PBXGroup;
			children = (
				4ED29D50295164E600760A97 /* Cell */,
				4ED29D4A295164CD00760A97 /* MoviesListView.swift */,
				4ED29D4C295164D700760A97 /* MoviesListViewController.swift */,
			);
			path = View;
			sourceTree = "<group>";
		};
		4ED29D49295164BE00760A97 /* ViewModel */ = {
			isa = PBXGroup;
			children = (
				4ED29D4E295164E100760A97 /* MoviesListViewModel.swift */,
			);
			path = ViewModel;
			sourceTree = "<group>";
		};
		4ED29D50295164E600760A97 /* Cell */ = {
			isa = PBXGroup;
			children = (
				4ED29D512951650E00760A97 /* MoviesListItemCell.swift */,
			);
			path = Cell;
			sourceTree = "<group>";
		};
		4EEBFD41294C4A3C00188F1F /* Entities */ = {
			isa = PBXGroup;
			children = (
				4EEBFD4B294CBEDD00188F1F /* Item.swift */,
				4EBEC7FD294F5986002CD321 /* Genre.swift */,
				4EB55E7529546650007AC682 /* ProductionCompany.swift */,
				4EB55E8F29547754007AC682 /* MovieCard.swift */,
				4EB55E9129547869007AC682 /* MoviesList.swift */,
				4EB55E93295479B4007AC682 /* MoviePage.swift */,
				4EB55E9529547AC2007AC682 /* MovieCollection.swift */,
				4EB55E9729547F13007AC682 /* MovieDetail.swift */,
				4EB55E99295480B4007AC682 /* Crew.swift */,
				4EB55E9B295480B9007AC682 /* Cast.swift */,
				4EB55E9D295480C1007AC682 /* Credits.swift */,
			);
			path = Entities;
			sourceTree = "<group>";
		};
		4EEBFD46294CB3E900188F1F /* Network */ = {
			isa = PBXGroup;
			children = (
				4EEBFD47294CB41000188F1F /* APIRequestTests.swift */,
			);
			path = Network;
			sourceTree = "<group>";
		};
		821CF393CF8BF09B38688625 /* Pods */ = {
			isa = PBXGroup;
			children = (
				D1FF226BABC2147886CCE369 /* Pods-MovieSearchApp.debug.xcconfig */,
				C2B9EC5899D8BB50FE2D9535 /* Pods-MovieSearchApp.release.xcconfig */,
				FC32FFDBB1BDB87D27F5A31B /* Pods-MovieSearchAppTests.debug.xcconfig */,
				FA622C7C21CFF8973048E13B /* Pods-MovieSearchAppTests.release.xcconfig */,
			);
			path = Pods;
			sourceTree = "<group>";
		};
		D9CA60956CA4F1685E9288A4 /* Frameworks */ = {
			isa = PBXGroup;
			children = (
				4A73D2BB27C26B6E80EBE120 /* Pods_MovieSearchApp.framework */,
				ACFAC095525312E26153AAE3 /* Pods_MovieSearchAppTests.framework */,
			);
			name = Frameworks;
			sourceTree = "<group>";
		};
/* End PBXGroup section */

/* Begin PBXNativeTarget section */
		4EBFBFE5294AFBA600064937 /* MovieSearchApp */ = {
			isa = PBXNativeTarget;
			buildConfigurationList = 4EBFBFFA294AFBA700064937 /* Build configuration list for PBXNativeTarget "MovieSearchApp" */;
			buildPhases = (
				6F20390B225A312619CF0902 /* [CP] Check Pods Manifest.lock */,
				4EBFBFE2294AFBA600064937 /* Sources */,
				4EBFBFE3294AFBA600064937 /* Frameworks */,
				4EBFBFE4294AFBA600064937 /* Resources */,
				34D7D0FDDB3E88A04D5B58B4 /* [CP] Embed Pods Frameworks */,
			);
			buildRules = (
			);
			dependencies = (
			);
			name = MovieSearchApp;
			productName = MovieSearchApp;
			productReference = 4EBFBFE6294AFBA600064937 /* MovieSearchApp.app */;
			productType = "com.apple.product-type.application";
		};
		4EBFC035294C3E2200064937 /* MovieSearchAppTests */ = {
			isa = PBXNativeTarget;
			buildConfigurationList = 4EBFC03C294C3E2200064937 /* Build configuration list for PBXNativeTarget "MovieSearchAppTests" */;
			buildPhases = (
				76C5D352D6298BCE02CAD19C /* [CP] Check Pods Manifest.lock */,
				4EBFC032294C3E2200064937 /* Sources */,
				4EBFC033294C3E2200064937 /* Frameworks */,
				4EBFC034294C3E2200064937 /* Resources */,
				A2DA8436D8D173561071F010 /* [CP] Embed Pods Frameworks */,
			);
			buildRules = (
			);
			dependencies = (
				4EBFC03B294C3E2200064937 /* PBXTargetDependency */,
			);
			name = MovieSearchAppTests;
			productName = MovieSearchAppTests;
			productReference = 4EBFC036294C3E2200064937 /* MovieSearchAppTests.xctest */;
			productType = "com.apple.product-type.bundle.unit-test";
		};
/* End PBXNativeTarget section */

/* Begin PBXProject section */
		4EBFBFDE294AFBA600064937 /* Project object */ = {
			isa = PBXProject;
			attributes = {
				BuildIndependentTargetsInParallel = 1;
				LastSwiftUpdateCheck = 1340;
				LastUpgradeCheck = 1340;
				TargetAttributes = {
					4EBFBFE5294AFBA600064937 = {
						CreatedOnToolsVersion = 13.4.1;
					};
					4EBFC035294C3E2200064937 = {
						CreatedOnToolsVersion = 13.4.1;
						TestTargetID = 4EBFBFE5294AFBA600064937;
					};
				};
			};
			buildConfigurationList = 4EBFBFE1294AFBA600064937 /* Build configuration list for PBXProject "MovieSearchApp" */;
			compatibilityVersion = "Xcode 13.0";
			developmentRegion = en;
			hasScannedForEncodings = 0;
			knownRegions = (
				en,
				Base,
			);
			mainGroup = 4EBFBFDD294AFBA600064937;
			productRefGroup = 4EBFBFE7294AFBA600064937 /* Products */;
			projectDirPath = "";
			projectRoot = "";
			targets = (
				4EBFBFE5294AFBA600064937 /* MovieSearchApp */,
				4EBFC035294C3E2200064937 /* MovieSearchAppTests */,
			);
		};
/* End PBXProject section */

/* Begin PBXResourcesBuildPhase section */
		4EBFBFE4294AFBA600064937 /* Resources */ = {
			isa = PBXResourcesBuildPhase;
			buildActionMask = 2147483647;
			files = (
				4EBFBFF6294AFBA700064937 /* LaunchScreen.storyboard in Resources */,
				4EBFBFF3294AFBA700064937 /* Assets.xcassets in Resources */,
			);
			runOnlyForDeploymentPostprocessing = 0;
		};
		4EBFC034294C3E2200064937 /* Resources */ = {
			isa = PBXResourcesBuildPhase;
			buildActionMask = 2147483647;
			files = (
			);
			runOnlyForDeploymentPostprocessing = 0;
		};
/* End PBXResourcesBuildPhase section */

/* Begin PBXShellScriptBuildPhase section */
		34D7D0FDDB3E88A04D5B58B4 /* [CP] Embed Pods Frameworks */ = {
			isa = PBXShellScriptBuildPhase;
			buildActionMask = 2147483647;
			files = (
			);
			inputFileListPaths = (
				"${PODS_ROOT}/Target Support Files/Pods-MovieSearchApp/Pods-MovieSearchApp-frameworks-${CONFIGURATION}-input-files.xcfilelist",
			);
			name = "[CP] Embed Pods Frameworks";
			outputFileListPaths = (
				"${PODS_ROOT}/Target Support Files/Pods-MovieSearchApp/Pods-MovieSearchApp-frameworks-${CONFIGURATION}-output-files.xcfilelist",
			);
			runOnlyForDeploymentPostprocessing = 0;
			shellPath = /bin/sh;
			shellScript = "\"${PODS_ROOT}/Target Support Files/Pods-MovieSearchApp/Pods-MovieSearchApp-frameworks.sh\"\n";
			showEnvVarsInLog = 0;
		};
		6F20390B225A312619CF0902 /* [CP] Check Pods Manifest.lock */ = {
			isa = PBXShellScriptBuildPhase;
			buildActionMask = 2147483647;
			files = (
			);
			inputFileListPaths = (
			);
			inputPaths = (
				"${PODS_PODFILE_DIR_PATH}/Podfile.lock",
				"${PODS_ROOT}/Manifest.lock",
			);
			name = "[CP] Check Pods Manifest.lock";
			outputFileListPaths = (
			);
			outputPaths = (
				"$(DERIVED_FILE_DIR)/Pods-MovieSearchApp-checkManifestLockResult.txt",
			);
			runOnlyForDeploymentPostprocessing = 0;
			shellPath = /bin/sh;
			shellScript = "diff \"${PODS_PODFILE_DIR_PATH}/Podfile.lock\" \"${PODS_ROOT}/Manifest.lock\" > /dev/null\nif [ $? != 0 ] ; then\n    # print error to STDERR\n    echo \"error: The sandbox is not in sync with the Podfile.lock. Run 'pod install' or update your CocoaPods installation.\" >&2\n    exit 1\nfi\n# This output is used by Xcode 'outputs' to avoid re-running this script phase.\necho \"SUCCESS\" > \"${SCRIPT_OUTPUT_FILE_0}\"\n";
			showEnvVarsInLog = 0;
		};
		76C5D352D6298BCE02CAD19C /* [CP] Check Pods Manifest.lock */ = {
			isa = PBXShellScriptBuildPhase;
			buildActionMask = 2147483647;
			files = (
			);
			inputFileListPaths = (
			);
			inputPaths = (
				"${PODS_PODFILE_DIR_PATH}/Podfile.lock",
				"${PODS_ROOT}/Manifest.lock",
			);
			name = "[CP] Check Pods Manifest.lock";
			outputFileListPaths = (
			);
			outputPaths = (
				"$(DERIVED_FILE_DIR)/Pods-MovieSearchAppTests-checkManifestLockResult.txt",
			);
			runOnlyForDeploymentPostprocessing = 0;
			shellPath = /bin/sh;
			shellScript = "diff \"${PODS_PODFILE_DIR_PATH}/Podfile.lock\" \"${PODS_ROOT}/Manifest.lock\" > /dev/null\nif [ $? != 0 ] ; then\n    # print error to STDERR\n    echo \"error: The sandbox is not in sync with the Podfile.lock. Run 'pod install' or update your CocoaPods installation.\" >&2\n    exit 1\nfi\n# This output is used by Xcode 'outputs' to avoid re-running this script phase.\necho \"SUCCESS\" > \"${SCRIPT_OUTPUT_FILE_0}\"\n";
			showEnvVarsInLog = 0;
		};
		A2DA8436D8D173561071F010 /* [CP] Embed Pods Frameworks */ = {
			isa = PBXShellScriptBuildPhase;
			buildActionMask = 2147483647;
			files = (
			);
			inputFileListPaths = (
				"${PODS_ROOT}/Target Support Files/Pods-MovieSearchAppTests/Pods-MovieSearchAppTests-frameworks-${CONFIGURATION}-input-files.xcfilelist",
			);
			name = "[CP] Embed Pods Frameworks";
			outputFileListPaths = (
				"${PODS_ROOT}/Target Support Files/Pods-MovieSearchAppTests/Pods-MovieSearchAppTests-frameworks-${CONFIGURATION}-output-files.xcfilelist",
			);
			runOnlyForDeploymentPostprocessing = 0;
			shellPath = /bin/sh;
			shellScript = "\"${PODS_ROOT}/Target Support Files/Pods-MovieSearchAppTests/Pods-MovieSearchAppTests-frameworks.sh\"\n";
			showEnvVarsInLog = 0;
		};
/* End PBXShellScriptBuildPhase section */

/* Begin PBXSourcesBuildPhase section */
		4EBFBFE2294AFBA600064937 /* Sources */ = {
			isa = PBXSourcesBuildPhase;
			buildActionMask = 2147483647;
			files = (
				4EBFC013294C261300064937 /* HttpMethod.swift in Sources */,
				4ED29D522951650E00760A97 /* MoviesListItemCell.swift in Sources */,
				4EB55E432952D7CB007AC682 /* UIFont+.swift in Sources */,
				4EB55E5B29538450007AC682 /* MovieDetailRepository.swift in Sources */,
				4EC546C229504CE100A6E4C9 /* TitleSupplementaryView.swift in Sources */,
				4EB55E6E295461E3007AC682 /* ProductionCompanyDTO.swift in Sources */,
				4EBFC015294C262F00064937 /* EndpointStorage.swift in Sources */,
				4EB55E482953115C007AC682 /* MovieDetailViewModel.swift in Sources */,
				4EB55E8529547063007AC682 /* MovieCollectionQueryDTO.swift in Sources */,
				4EB55E7629546650007AC682 /* ProductionCompany.swift in Sources */,
				4ED29D5629518D3100760A97 /* MoviesRepository.swift in Sources */,
				4EB55E872954708B007AC682 /* MoviesListQueryDTO.swift in Sources */,
				4EBFC01C294C2B3700064937 /* TimeWindow.swift in Sources */,
				4EC546C02950494F00A6E4C9 /* MovieCollectionCell.swift in Sources */,
				4EB55E8E2954743A007AC682 /* MovieCardDTO.swift in Sources */,
				4EB55E8929547098007AC682 /* MovieDetailQueryDTO.swift in Sources */,
				4EB55E9E295480C1007AC682 /* Credits.swift in Sources */,
				4ED29D4D295164D700760A97 /* MoviesListViewController.swift in Sources */,
				4EB55E9C295480B9007AC682 /* Cast.swift in Sources */,
				4ED29D5829518EDD00760A97 /* DefaultMoviesRepository.swift in Sources */,
				4EB55E7C29546A41007AC682 /* MovieCollectionDTO.swift in Sources */,
				4EAC892629557D0800B9AD9D /* RecommendationCollectionCell.swift in Sources */,
				4EB55E6129544A5D007AC682 /* DetailInfoView.swift in Sources */,
				4EB55E52295334A4007AC682 /* CastDTO.swift in Sources */,
				4EB55E54295334AC007AC682 /* CrewDTO.swift in Sources */,
				4ED29D4B295164CD00760A97 /* MoviesListView.swift in Sources */,
				4EB55E6729544B03007AC682 /* DetailCrewView.swift in Sources */,
				4EBFBFEE294AFBA600064937 /* MainViewController.swift in Sources */,
				4EC546DA295075F900A6E4C9 /* MainViewUseCase.swift in Sources */,
				4EC546C7295066F200A6E4C9 /* AppDIContainer.swift in Sources */,
				4EB55E9229547869007AC682 /* MoviesList.swift in Sources */,
				4EB55E79295469C5007AC682 /* MovieDetailDTO.swift in Sources */,
				4EBFBFEA294AFBA600064937 /* AppDelegate.swift in Sources */,
				4EAC89282955874800B9AD9D /* CastCollectionViewCell.swift in Sources */,
				4EC546DD29507A2900A6E4C9 /* FlowCoordinator.swift in Sources */,
				4EC546CB2950699C00A6E4C9 /* SceneDIContainer.swift in Sources */,
				4ED29D5429518C9100760A97 /* SearchMoviesUseCase.swift in Sources */,
				4EBFC024294C3B5100064937 /* Encodable+.swift in Sources */,
				4EB55E8129546D07007AC682 /* ErrorResponseDTO.swift in Sources */,
				4EB55E6B29544B1A007AC682 /* DetailRecommendationView.swift in Sources */,
				4EC546D229506D8400A6E4C9 /* MainViewRepository.swift in Sources */,
				4EBEC7FE294F5986002CD321 /* Genre.swift in Sources */,
				4EB55E4C295311BD007AC682 /* MovieDetailViewController.swift in Sources */,
				4EEBFD45294C4AEC00188F1F /* Constants.swift in Sources */,
				4EBFC017294C263600064937 /* Endpoint.swift in Sources */,
				4EAC892A295598C000B9AD9D /* CrewCollectionViewCell.swift in Sources */,
				4EB55E5F295386C7007AC682 /* MovieDetailUseCase.swift in Sources */,
				4EC546BD2950378800A6E4C9 /* MainView.swift in Sources */,
				4EC546C92950690F00A6E4C9 /* AppCoordinator.swift in Sources */,
				4EB55E4A295311B3007AC682 /* MovieDetailView.swift in Sources */,
				4EB55E94295479B4007AC682 /* MoviePage.swift in Sources */,
				4EEBFD4C294CBEDD00188F1F /* Item.swift in Sources */,
				4EBFBFEC294AFBA600064937 /* SceneDelegate.swift in Sources */,
				4EB55E6529544AC3007AC682 /* DetailDescriptionView.swift in Sources */,
				4EC546D729506F0100A6E4C9 /* DefaultMainViewRepository.swift in Sources */,
				4EBFC01A294C2B0000064937 /* MediaType.swift in Sources */,
				4EBFC01E294C312F00064937 /* APIProvider.swift in Sources */,
				4EB55E8C2954742F007AC682 /* MoviesListDTO.swift in Sources */,
				4EB55E6929544B0B007AC682 /* DetailStatusView.swift in Sources */,
				4EB55E9A295480B4007AC682 /* Crew.swift in Sources */,
				4ED29D4F295164E100760A97 /* MoviesListViewModel.swift in Sources */,
				4EB55E9029547754007AC682 /* MovieCard.swift in Sources */,
				4EC546C4295057DE00A6E4C9 /* MainViewModel.swift in Sources */,
				4EB55E9829547F13007AC682 /* MovieDetail.swift in Sources */,
				4EB55E5D295384C7007AC682 /* DefaultMovieDetailRepository.swift in Sources */,
				4EB55E9629547AC2007AC682 /* MovieCollection.swift in Sources */,
				4EAC892C29559D2300B9AD9D /* ProductionCompanyCollectionViewCell.swift in Sources */,
				4EB55E5029533469007AC682 /* CreditsDTO.swift in Sources */,
				4EBFC021294C3B1600064937 /* NetworkError.swift in Sources */,
				4EB55E7429546457007AC682 /* MoviePageDTO.swift in Sources */,
			);
			runOnlyForDeploymentPostprocessing = 0;
		};
		4EBFC032294C3E2200064937 /* Sources */ = {
			isa = PBXSourcesBuildPhase;
			buildActionMask = 2147483647;
			files = (
				4EB55E572953379B007AC682 /* DecodeModelTests.swift in Sources */,
				4EEBFD48294CB41000188F1F /* APIRequestTests.swift in Sources */,
				4EBFC039294C3E2200064937 /* MovieSearchAppTests.swift in Sources */,
			);
			runOnlyForDeploymentPostprocessing = 0;
		};
/* End PBXSourcesBuildPhase section */

/* Begin PBXTargetDependency section */
		4EBFC03B294C3E2200064937 /* PBXTargetDependency */ = {
			isa = PBXTargetDependency;
			target = 4EBFBFE5294AFBA600064937 /* MovieSearchApp */;
			targetProxy = 4EBFC03A294C3E2200064937 /* PBXContainerItemProxy */;
		};
/* End PBXTargetDependency section */

/* Begin PBXVariantGroup section */
		4EBFBFF4294AFBA700064937 /* LaunchScreen.storyboard */ = {
			isa = PBXVariantGroup;
			children = (
				4EBFBFF5294AFBA700064937 /* Base */,
			);
			name = LaunchScreen.storyboard;
			sourceTree = "<group>";
		};
/* End PBXVariantGroup section */

/* Begin XCBuildConfiguration section */
		4EBFBFF8294AFBA700064937 /* Debug */ = {
			isa = XCBuildConfiguration;
			buildSettings = {
				ALWAYS_SEARCH_USER_PATHS = NO;
				CLANG_ANALYZER_NONNULL = YES;
				CLANG_ANALYZER_NUMBER_OBJECT_CONVERSION = YES_AGGRESSIVE;
				CLANG_CXX_LANGUAGE_STANDARD = "gnu++17";
				CLANG_ENABLE_MODULES = YES;
				CLANG_ENABLE_OBJC_ARC = YES;
				CLANG_ENABLE_OBJC_WEAK = YES;
				CLANG_WARN_BLOCK_CAPTURE_AUTORELEASING = YES;
				CLANG_WARN_BOOL_CONVERSION = YES;
				CLANG_WARN_COMMA = YES;
				CLANG_WARN_CONSTANT_CONVERSION = YES;
				CLANG_WARN_DEPRECATED_OBJC_IMPLEMENTATIONS = YES;
				CLANG_WARN_DIRECT_OBJC_ISA_USAGE = YES_ERROR;
				CLANG_WARN_DOCUMENTATION_COMMENTS = YES;
				CLANG_WARN_EMPTY_BODY = YES;
				CLANG_WARN_ENUM_CONVERSION = YES;
				CLANG_WARN_INFINITE_RECURSION = YES;
				CLANG_WARN_INT_CONVERSION = YES;
				CLANG_WARN_NON_LITERAL_NULL_CONVERSION = YES;
				CLANG_WARN_OBJC_IMPLICIT_RETAIN_SELF = YES;
				CLANG_WARN_OBJC_LITERAL_CONVERSION = YES;
				CLANG_WARN_OBJC_ROOT_CLASS = YES_ERROR;
				CLANG_WARN_QUOTED_INCLUDE_IN_FRAMEWORK_HEADER = YES;
				CLANG_WARN_RANGE_LOOP_ANALYSIS = YES;
				CLANG_WARN_STRICT_PROTOTYPES = YES;
				CLANG_WARN_SUSPICIOUS_MOVE = YES;
				CLANG_WARN_UNGUARDED_AVAILABILITY = YES_AGGRESSIVE;
				CLANG_WARN_UNREACHABLE_CODE = YES;
				CLANG_WARN__DUPLICATE_METHOD_MATCH = YES;
				COPY_PHASE_STRIP = NO;
				DEBUG_INFORMATION_FORMAT = dwarf;
				ENABLE_STRICT_OBJC_MSGSEND = YES;
				ENABLE_TESTABILITY = YES;
				GCC_C_LANGUAGE_STANDARD = gnu11;
				GCC_DYNAMIC_NO_PIC = NO;
				GCC_NO_COMMON_BLOCKS = YES;
				GCC_OPTIMIZATION_LEVEL = 0;
				GCC_PREPROCESSOR_DEFINITIONS = (
					"DEBUG=1",
					"$(inherited)",
				);
				GCC_WARN_64_TO_32_BIT_CONVERSION = YES;
				GCC_WARN_ABOUT_RETURN_TYPE = YES_ERROR;
				GCC_WARN_UNDECLARED_SELECTOR = YES;
				GCC_WARN_UNINITIALIZED_AUTOS = YES_AGGRESSIVE;
				GCC_WARN_UNUSED_FUNCTION = YES;
				GCC_WARN_UNUSED_VARIABLE = YES;
				IPHONEOS_DEPLOYMENT_TARGET = 15.5;
				MTL_ENABLE_DEBUG_INFO = INCLUDE_SOURCE;
				MTL_FAST_MATH = YES;
				ONLY_ACTIVE_ARCH = YES;
				SDKROOT = iphoneos;
				SWIFT_ACTIVE_COMPILATION_CONDITIONS = DEBUG;
				SWIFT_OPTIMIZATION_LEVEL = "-Onone";
			};
			name = Debug;
		};
		4EBFBFF9294AFBA700064937 /* Release */ = {
			isa = XCBuildConfiguration;
			buildSettings = {
				ALWAYS_SEARCH_USER_PATHS = NO;
				CLANG_ANALYZER_NONNULL = YES;
				CLANG_ANALYZER_NUMBER_OBJECT_CONVERSION = YES_AGGRESSIVE;
				CLANG_CXX_LANGUAGE_STANDARD = "gnu++17";
				CLANG_ENABLE_MODULES = YES;
				CLANG_ENABLE_OBJC_ARC = YES;
				CLANG_ENABLE_OBJC_WEAK = YES;
				CLANG_WARN_BLOCK_CAPTURE_AUTORELEASING = YES;
				CLANG_WARN_BOOL_CONVERSION = YES;
				CLANG_WARN_COMMA = YES;
				CLANG_WARN_CONSTANT_CONVERSION = YES;
				CLANG_WARN_DEPRECATED_OBJC_IMPLEMENTATIONS = YES;
				CLANG_WARN_DIRECT_OBJC_ISA_USAGE = YES_ERROR;
				CLANG_WARN_DOCUMENTATION_COMMENTS = YES;
				CLANG_WARN_EMPTY_BODY = YES;
				CLANG_WARN_ENUM_CONVERSION = YES;
				CLANG_WARN_INFINITE_RECURSION = YES;
				CLANG_WARN_INT_CONVERSION = YES;
				CLANG_WARN_NON_LITERAL_NULL_CONVERSION = YES;
				CLANG_WARN_OBJC_IMPLICIT_RETAIN_SELF = YES;
				CLANG_WARN_OBJC_LITERAL_CONVERSION = YES;
				CLANG_WARN_OBJC_ROOT_CLASS = YES_ERROR;
				CLANG_WARN_QUOTED_INCLUDE_IN_FRAMEWORK_HEADER = YES;
				CLANG_WARN_RANGE_LOOP_ANALYSIS = YES;
				CLANG_WARN_STRICT_PROTOTYPES = YES;
				CLANG_WARN_SUSPICIOUS_MOVE = YES;
				CLANG_WARN_UNGUARDED_AVAILABILITY = YES_AGGRESSIVE;
				CLANG_WARN_UNREACHABLE_CODE = YES;
				CLANG_WARN__DUPLICATE_METHOD_MATCH = YES;
				COPY_PHASE_STRIP = NO;
				DEBUG_INFORMATION_FORMAT = "dwarf-with-dsym";
				ENABLE_NS_ASSERTIONS = NO;
				ENABLE_STRICT_OBJC_MSGSEND = YES;
				GCC_C_LANGUAGE_STANDARD = gnu11;
				GCC_NO_COMMON_BLOCKS = YES;
				GCC_WARN_64_TO_32_BIT_CONVERSION = YES;
				GCC_WARN_ABOUT_RETURN_TYPE = YES_ERROR;
				GCC_WARN_UNDECLARED_SELECTOR = YES;
				GCC_WARN_UNINITIALIZED_AUTOS = YES_AGGRESSIVE;
				GCC_WARN_UNUSED_FUNCTION = YES;
				GCC_WARN_UNUSED_VARIABLE = YES;
				IPHONEOS_DEPLOYMENT_TARGET = 15.5;
				MTL_ENABLE_DEBUG_INFO = NO;
				MTL_FAST_MATH = YES;
				SDKROOT = iphoneos;
				SWIFT_COMPILATION_MODE = wholemodule;
				SWIFT_OPTIMIZATION_LEVEL = "-O";
				VALIDATE_PRODUCT = YES;
			};
			name = Release;
		};
		4EBFBFFB294AFBA700064937 /* Debug */ = {
			isa = XCBuildConfiguration;
			baseConfigurationReference = D1FF226BABC2147886CCE369 /* Pods-MovieSearchApp.debug.xcconfig */;
			buildSettings = {
				ASSETCATALOG_COMPILER_APPICON_NAME = AppIcon;
				ASSETCATALOG_COMPILER_GLOBAL_ACCENT_COLOR_NAME = AccentColor;
				CODE_SIGN_STYLE = Automatic;
				CURRENT_PROJECT_VERSION = 1;
				DEVELOPMENT_TEAM = 8VU5Z7JG7C;
				GENERATE_INFOPLIST_FILE = YES;
				INFOPLIST_FILE = MovieSearchApp/Resources/Info.plist;
				INFOPLIST_KEY_UIApplicationSupportsIndirectInputEvents = YES;
				INFOPLIST_KEY_UILaunchStoryboardName = LaunchScreen;
				INFOPLIST_KEY_UIMainStoryboardFile = "";
				INFOPLIST_KEY_UISupportedInterfaceOrientations_iPad = "UIInterfaceOrientationPortrait UIInterfaceOrientationPortraitUpsideDown UIInterfaceOrientationLandscapeLeft UIInterfaceOrientationLandscapeRight";
				INFOPLIST_KEY_UISupportedInterfaceOrientations_iPhone = "UIInterfaceOrientationPortrait UIInterfaceOrientationLandscapeLeft UIInterfaceOrientationLandscapeRight";
				LD_RUNPATH_SEARCH_PATHS = (
					"$(inherited)",
					"@executable_path/Frameworks",
				);
				MARKETING_VERSION = 1.0;
				PRODUCT_BUNDLE_IDENTIFIER = com.swift.practice.sewoong.MovieSearchApp;
				PRODUCT_NAME = "$(TARGET_NAME)";
				SWIFT_EMIT_LOC_STRINGS = YES;
				SWIFT_VERSION = 5.0;
				TARGETED_DEVICE_FAMILY = "1,2";
			};
			name = Debug;
		};
		4EBFBFFC294AFBA700064937 /* Release */ = {
			isa = XCBuildConfiguration;
			baseConfigurationReference = C2B9EC5899D8BB50FE2D9535 /* Pods-MovieSearchApp.release.xcconfig */;
			buildSettings = {
				ASSETCATALOG_COMPILER_APPICON_NAME = AppIcon;
				ASSETCATALOG_COMPILER_GLOBAL_ACCENT_COLOR_NAME = AccentColor;
				CODE_SIGN_STYLE = Automatic;
				CURRENT_PROJECT_VERSION = 1;
				DEVELOPMENT_TEAM = 8VU5Z7JG7C;
				GENERATE_INFOPLIST_FILE = YES;
				INFOPLIST_FILE = MovieSearchApp/Resources/Info.plist;
				INFOPLIST_KEY_UIApplicationSupportsIndirectInputEvents = YES;
				INFOPLIST_KEY_UILaunchStoryboardName = LaunchScreen;
				INFOPLIST_KEY_UIMainStoryboardFile = "";
				INFOPLIST_KEY_UISupportedInterfaceOrientations_iPad = "UIInterfaceOrientationPortrait UIInterfaceOrientationPortraitUpsideDown UIInterfaceOrientationLandscapeLeft UIInterfaceOrientationLandscapeRight";
				INFOPLIST_KEY_UISupportedInterfaceOrientations_iPhone = "UIInterfaceOrientationPortrait UIInterfaceOrientationLandscapeLeft UIInterfaceOrientationLandscapeRight";
				LD_RUNPATH_SEARCH_PATHS = (
					"$(inherited)",
					"@executable_path/Frameworks",
				);
				MARKETING_VERSION = 1.0;
				PRODUCT_BUNDLE_IDENTIFIER = com.swift.practice.sewoong.MovieSearchApp;
				PRODUCT_NAME = "$(TARGET_NAME)";
				SWIFT_EMIT_LOC_STRINGS = YES;
				SWIFT_VERSION = 5.0;
				TARGETED_DEVICE_FAMILY = "1,2";
			};
			name = Release;
		};
		4EBFC03D294C3E2200064937 /* Debug */ = {
			isa = XCBuildConfiguration;
			baseConfigurationReference = FC32FFDBB1BDB87D27F5A31B /* Pods-MovieSearchAppTests.debug.xcconfig */;
			buildSettings = {
				BUNDLE_LOADER = "$(TEST_HOST)";
				CODE_SIGN_STYLE = Automatic;
				CURRENT_PROJECT_VERSION = 1;
				DEVELOPMENT_TEAM = 8VU5Z7JG7C;
				GENERATE_INFOPLIST_FILE = YES;
				MARKETING_VERSION = 1.0;
				PRODUCT_BUNDLE_IDENTIFIER = com.swift.practice.sewoong.MovieSearchAppTests;
				PRODUCT_NAME = "$(TARGET_NAME)";
				SWIFT_EMIT_LOC_STRINGS = NO;
				SWIFT_VERSION = 5.0;
				TARGETED_DEVICE_FAMILY = "1,2";
				TEST_HOST = "$(BUILT_PRODUCTS_DIR)/MovieSearchApp.app/MovieSearchApp";
			};
			name = Debug;
		};
		4EBFC03E294C3E2200064937 /* Release */ = {
			isa = XCBuildConfiguration;
			baseConfigurationReference = FA622C7C21CFF8973048E13B /* Pods-MovieSearchAppTests.release.xcconfig */;
			buildSettings = {
				BUNDLE_LOADER = "$(TEST_HOST)";
				CODE_SIGN_STYLE = Automatic;
				CURRENT_PROJECT_VERSION = 1;
				DEVELOPMENT_TEAM = 8VU5Z7JG7C;
				GENERATE_INFOPLIST_FILE = YES;
				MARKETING_VERSION = 1.0;
				PRODUCT_BUNDLE_IDENTIFIER = com.swift.practice.sewoong.MovieSearchAppTests;
				PRODUCT_NAME = "$(TARGET_NAME)";
				SWIFT_EMIT_LOC_STRINGS = NO;
				SWIFT_VERSION = 5.0;
				TARGETED_DEVICE_FAMILY = "1,2";
				TEST_HOST = "$(BUILT_PRODUCTS_DIR)/MovieSearchApp.app/MovieSearchApp";
			};
			name = Release;
		};
/* End XCBuildConfiguration section */

/* Begin XCConfigurationList section */
		4EBFBFE1294AFBA600064937 /* Build configuration list for PBXProject "MovieSearchApp" */ = {
			isa = XCConfigurationList;
			buildConfigurations = (
				4EBFBFF8294AFBA700064937 /* Debug */,
				4EBFBFF9294AFBA700064937 /* Release */,
			);
			defaultConfigurationIsVisible = 0;
			defaultConfigurationName = Release;
		};
		4EBFBFFA294AFBA700064937 /* Build configuration list for PBXNativeTarget "MovieSearchApp" */ = {
			isa = XCConfigurationList;
			buildConfigurations = (
				4EBFBFFB294AFBA700064937 /* Debug */,
				4EBFBFFC294AFBA700064937 /* Release */,
			);
			defaultConfigurationIsVisible = 0;
			defaultConfigurationName = Release;
		};
		4EBFC03C294C3E2200064937 /* Build configuration list for PBXNativeTarget "MovieSearchAppTests" */ = {
			isa = XCConfigurationList;
			buildConfigurations = (
				4EBFC03D294C3E2200064937 /* Debug */,
				4EBFC03E294C3E2200064937 /* Release */,
			);
			defaultConfigurationIsVisible = 0;
			defaultConfigurationName = Release;
		};
/* End XCConfigurationList section */
	};
	rootObject = 4EBFBFDE294AFBA600064937 /* Project object */;
}
